
Microsoft Visual Studio Solution File, Format Version 12.00
# Visual Studio 15
VisualStudioVersion = 15.0.28010.2046
MinimumVisualStudioVersion = 10.0.40219.1
Project("{FAE04EC0-301F-11D3-BF4B-00C04F79EFBC}") = "ArraysAndLists", "ArraysAndLists\ArraysAndLists.csproj", "{F944A31E-E41A-4B9A-ADB0-16592EC32AB3}"
EndProject
Global
	GlobalSection(SolutionConfigurationPlatforms) = preSolution
		Debug|Any CPU = Debug|Any CPU
		Release|Any CPU = Release|Any CPU
	EndGlobalSection
	GlobalSection(ProjectConfigurationPlatforms) = postSolution
		{F944A31E-E41A-4B9A-ADB0-16592EC32AB3}.Debug|Any CPU.ActiveCfg = Debug|Any CPU
		{F944A31E-E41A-4B9A-ADB0-16592EC32AB3}.Debug|Any CPU.Build.0 = Debug|Any CPU
		{F944A31E-E41A-4B9A-ADB0-16592EC32AB3}.Release|Any CPU.ActiveCfg = Release|Any CPU
		{F944A31E-E41A-4B9A-ADB0-16592EC32AB3}.Release|Any CPU.Build.0 = Release|Any CPU
	EndGlobalSection
	GlobalSection(SolutionProperties) = preSolution
		HideSolutionNode = FALSE
	EndGlobalSection
	GlobalSection(ExtensibilityGlobals) = postSolution
		SolutionGuid = {F4261802-F179-49E0-9424-DBBC1BB5FD03}
	EndGlobalSection
EndGlobal
