
Microsoft Visual Studio Solution File, Format Version 12.00
# Visual Studio 15
VisualStudioVersion = 15.0.28010.2046
MinimumVisualStudioVersion = 10.0.40219.1
Project("{FAE04EC0-301F-11D3-BF4B-00C04F79EFBC}") = "WhileLoop", "WhileLoop\WhileLoop.csproj", "{A11F1191-6FED-4AB2-9738-BE4E1DF1961E}"
EndProject
Global
	GlobalSection(SolutionConfigurationPlatforms) = preSolution
		Debug|Any CPU = Debug|Any CPU
		Release|Any CPU = Release|Any CPU
	EndGlobalSection
	GlobalSection(ProjectConfigurationPlatforms) = postSolution
		{A11F1191-6FED-4AB2-9738-BE4E1DF1961E}.Debug|Any CPU.ActiveCfg = Debug|Any CPU
		{A11F1191-6FED-4AB2-9738-BE4E1DF1961E}.Debug|Any CPU.Build.0 = Debug|Any CPU
		{A11F1191-6FED-4AB2-9738-BE4E1DF1961E}.Release|Any CPU.ActiveCfg = Release|Any CPU
		{A11F1191-6FED-4AB2-9738-BE4E1DF1961E}.Release|Any CPU.Build.0 = Release|Any CPU
	EndGlobalSection
	GlobalSection(SolutionProperties) = preSolution
		HideSolutionNode = FALSE
	EndGlobalSection
	GlobalSection(ExtensibilityGlobals) = postSolution
		SolutionGuid = {17186326-68B1-4B9E-8351-7D8D6C5EACF7}
	EndGlobalSection
EndGlobal
